
Microsoft Visual Studio Solution File, Format Version 12.00
# Visual Studio Version 17
VisualStudioVersion = 17.0.31903.59
MinimumVisualStudioVersion = 10.0.40219.1
Project("{9A19103F-16F7-4668-BE54-9A1E7A4F7556}") = "Tests", "Tests\Tests.csproj", "{55A3B3F9-9CD6-4010-86FE-B4D0A9B21544}"
EndProject
Project("{FAE04EC0-301F-11D3-BF4B-00C04F79EFBC}") = "Challanges", "Challanges\Challanges.csproj", "{C8136E21-1D1F-42D9-B736-941FAE7D89F8}"
EndProject
Project("{FAE04EC0-301F-11D3-BF4B-00C04F79EFBC}") = "Benchmarks", "Benchmarks\Benchmarks.csproj", "{E47BBF4C-EAA9-4FFE-8D78-26E247EFD0AF}"
EndProject
Global
	GlobalSection(SolutionConfigurationPlatforms) = preSolution
		Debug|Any CPU = Debug|Any CPU
		Release|Any CPU = Release|Any CPU
	EndGlobalSection
	GlobalSection(ProjectConfigurationPlatforms) = postSolution
		{55A3B3F9-9CD6-4010-86FE-B4D0A9B21544}.Debug|Any CPU.ActiveCfg = Debug|Any CPU
		{55A3B3F9-9CD6-4010-86FE-B4D0A9B21544}.Debug|Any CPU.Build.0 = Debug|Any CPU
		{55A3B3F9-9CD6-4010-86FE-B4D0A9B21544}.Release|Any CPU.ActiveCfg = Release|Any CPU
		{55A3B3F9-9CD6-4010-86FE-B4D0A9B21544}.Release|Any CPU.Build.0 = Release|Any CPU
		{C8136E21-1D1F-42D9-B736-941FAE7D89F8}.Debug|Any CPU.ActiveCfg = Debug|Any CPU
		{C8136E21-1D1F-42D9-B736-941FAE7D89F8}.Debug|Any CPU.Build.0 = Debug|Any CPU
		{C8136E21-1D1F-42D9-B736-941FAE7D89F8}.Release|Any CPU.ActiveCfg = Release|Any CPU
		{C8136E21-1D1F-42D9-B736-941FAE7D89F8}.Release|Any CPU.Build.0 = Release|Any CPU
		{E47BBF4C-EAA9-4FFE-8D78-26E247EFD0AF}.Debug|Any CPU.ActiveCfg = Debug|Any CPU
		{E47BBF4C-EAA9-4FFE-8D78-26E247EFD0AF}.Debug|Any CPU.Build.0 = Debug|Any CPU
		{E47BBF4C-EAA9-4FFE-8D78-26E247EFD0AF}.Release|Any CPU.ActiveCfg = Release|Any CPU
		{E47BBF4C-EAA9-4FFE-8D78-26E247EFD0AF}.Release|Any CPU.Build.0 = Release|Any CPU
	EndGlobalSection
	GlobalSection(SolutionProperties) = preSolution
		HideSolutionNode = FALSE
	EndGlobalSection
	GlobalSection(ExtensibilityGlobals) = postSolution
		SolutionGuid = {85BFF5EA-1959-40F1-828D-A1DBABBAF833}
	EndGlobalSection
EndGlobal
